
Microsoft Visual Studio Solution File, Format Version 12.00
# Visual Studio Version 17
VisualStudioVersion = 17.13.35825.156 d17.13
MinimumVisualStudioVersion = 10.0.40219.1
Project("{FAE04EC0-301F-11D3-BF4B-00C04F79EFBC}") = "Domain", "Domain\Domain.csproj", "{01D7DEBD-AFA7-4B78-9EBD-8575087AB7AB}"
EndProject
Project("{FAE04EC0-301F-11D3-BF4B-00C04F79EFBC}") = "Application", "Application\Application.csproj", "{4E67C880-6703-4873-807F-01002D18E0A8}"
EndProject
Project("{FAE04EC0-301F-11D3-BF4B-00C04F79EFBC}") = "Persistence", "Persistence\Persistence.csproj", "{FEBE1839-9144-4187-B6CF-847DF737A00D}"
EndProject
Project("{FAE04EC0-301F-11D3-BF4B-00C04F79EFBC}") = "UI", "UI\UI.csproj", "{EB2F2F6A-E2BE-4A43-B5C4-2B291F85ED78}"
EndProject
Global
	GlobalSection(SolutionConfigurationPlatforms) = preSolution
		Debug|Any CPU = Debug|Any CPU
		Release|Any CPU = Release|Any CPU
	EndGlobalSection
	GlobalSection(ProjectConfigurationPlatforms) = postSolution
		{01D7DEBD-AFA7-4B78-9EBD-8575087AB7AB}.Debug|Any CPU.ActiveCfg = Debug|Any CPU
		{01D7DEBD-AFA7-4B78-9EBD-8575087AB7AB}.Debug|Any CPU.Build.0 = Debug|Any CPU
		{01D7DEBD-AFA7-4B78-9EBD-8575087AB7AB}.Release|Any CPU.ActiveCfg = Release|Any CPU
		{01D7DEBD-AFA7-4B78-9EBD-8575087AB7AB}.Release|Any CPU.Build.0 = Release|Any CPU
		{4E67C880-6703-4873-807F-01002D18E0A8}.Debug|Any CPU.ActiveCfg = Debug|Any CPU
		{4E67C880-6703-4873-807F-01002D18E0A8}.Debug|Any CPU.Build.0 = Debug|Any CPU
		{4E67C880-6703-4873-807F-01002D18E0A8}.Release|Any CPU.ActiveCfg = Release|Any CPU
		{4E67C880-6703-4873-807F-01002D18E0A8}.Release|Any CPU.Build.0 = Release|Any CPU
		{FEBE1839-9144-4187-B6CF-847DF737A00D}.Debug|Any CPU.ActiveCfg = Debug|Any CPU
		{FEBE1839-9144-4187-B6CF-847DF737A00D}.Debug|Any CPU.Build.0 = Debug|Any CPU
		{FEBE1839-9144-4187-B6CF-847DF737A00D}.Release|Any CPU.ActiveCfg = Release|Any CPU
		{FEBE1839-9144-4187-B6CF-847DF737A00D}.Release|Any CPU.Build.0 = Release|Any CPU
		{EB2F2F6A-E2BE-4A43-B5C4-2B291F85ED78}.Debug|Any CPU.ActiveCfg = Debug|Any CPU
		{EB2F2F6A-E2BE-4A43-B5C4-2B291F85ED78}.Debug|Any CPU.Build.0 = Debug|Any CPU
		{EB2F2F6A-E2BE-4A43-B5C4-2B291F85ED78}.Release|Any CPU.ActiveCfg = Release|Any CPU
		{EB2F2F6A-E2BE-4A43-B5C4-2B291F85ED78}.Release|Any CPU.Build.0 = Release|Any CPU
	EndGlobalSection
	GlobalSection(SolutionProperties) = preSolution
		HideSolutionNode = FALSE
	EndGlobalSection
	GlobalSection(ExtensibilityGlobals) = postSolution
		SolutionGuid = {704ADAA0-F4B2-4DC7-AE63-A0109AC35BA6}
	EndGlobalSection
EndGlobal
